
Microsoft Visual Studio Solution File, Format Version 12.00
# Visual Studio Version 16
VisualStudioVersion = 16.0.30413.136
MinimumVisualStudioVersion = 10.0.40219.1
Project("{8BC9CEB8-8B4A-11D0-8D11-00A0C91BC942}") = "Assignment05", "Assignment05\Assignment05.vcxproj", "{3F39774D-9CAC-4C45-8EAF-0C1F531DD9DA}"
EndProject
Global
	GlobalSection(SolutionConfigurationPlatforms) = preSolution
		Debug|x64 = Debug|x64
		Debug|x86 = Debug|x86
		Release|x64 = Release|x64
		Release|x86 = Release|x86
	EndGlobalSection
	GlobalSection(ProjectConfigurationPlatforms) = postSolution
		{3F39774D-9CAC-4C45-8EAF-0C1F531DD9DA}.Debug|x64.ActiveCfg = Debug|x64
		{3F39774D-9CAC-4C45-8EAF-0C1F531DD9DA}.Debug|x64.Build.0 = Debug|x64
		{3F39774D-9CAC-4C45-8EAF-0C1F531DD9DA}.Debug|x86.ActiveCfg = Debug|Win32
		{3F39774D-9CAC-4C45-8EAF-0C1F531DD9DA}.Debug|x86.Build.0 = Debug|Win32
		{3F39774D-9CAC-4C45-8EAF-0C1F531DD9DA}.Release|x64.ActiveCfg = Release|x64
		{3F39774D-9CAC-4C45-8EAF-0C1F531DD9DA}.Release|x64.Build.0 = Release|x64
		{3F39774D-9CAC-4C45-8EAF-0C1F531DD9DA}.Release|x86.ActiveCfg = Release|Win32
		{3F39774D-9CAC-4C45-8EAF-0C1F531DD9DA}.Release|x86.Build.0 = Release|Win32
	EndGlobalSection
	GlobalSection(SolutionProperties) = preSolution
		HideSolutionNode = FALSE
	EndGlobalSection
	GlobalSection(ExtensibilityGlobals) = postSolution
		SolutionGuid = {3A85CB24-B9E5-478E-8141-1FEDF4A23341}
	EndGlobalSection
EndGlobal
